# THIS IS AN AUTOGENERATED FILE. DO NOT EDIT THIS FILE DIRECTLY.
# yarn lockfile v1


"@types/matter-js@^0.10.4":
  version "0.10.4"
  resolved "https://registry.npm.taobao.org/@types/matter-js/download/@types/matter-js-0.10.4.tgz#dc8454c637d050662015933db6e27a06bed9d218"
  integrity sha1-3IRUxjfQUGYgFZM9tuJ6Br7Z0hg=

matter-js@^0.14.2:
  version "0.14.2"
  resolved "https://registry.npm.taobao.org/matter-js/download/matter-js-0.14.2.tgz#8169af9e06fdc356ba9e72b49624eb329839883b"
  integrity sha1-gWmvngb9w1a6nnK0liTrMpg5iDs=

typescript@^3.7.3:
  version "3.7.3"
  resolved "https://registry.npm.taobao.org/typescript/download/typescript-3.7.3.tgz#b36840668a16458a7025b9eabfad11b66ab85c69"
  integrity sha1-s2hAZooWRYpwJbnqv60Rtmq4XGk=
